{
  "lockfileVersion": 1,
  "configVersion": 1,
  "workspaces": {
    "": {
      "name": "@ovencord/monorepo",
      "dependencies": {
        "ts-mixer": "^6.0.4",
      },
      "devDependencies": {
        "@biomejs/biome": "latest",
        "@types/bun": "latest",
        "discord-api-types": "^0.38.40",
        "typescript": "^5.9.3",
      },
    },
    "packages/brokers": {
      "name": "@ovencord/brokers",
      "version": "1.0.3",
      "dependencies": {
        "@msgpack/msgpack": "^3.1.3",
        "@ovencord/util": "^1.1.8",
        "ioredis": "^5.9.3",
      },
    },
    "packages/builders": {
      "name": "@ovencord/builders",
      "version": "1.13.0",
      "dependencies": {
        "@ovencord/util": "^1.1.9",
        "discord-api-types": "^0.38.40",
        "ts-mixer": "^6.0.4",
        "zod": "^4.3.6",
      },
    },
    "packages/collection": {
      "name": "@ovencord/collection",
      "version": "2.1.4",
    },
    "packages/core": {
      "name": "@ovencord/core",
      "version": "2.1.5",
      "dependencies": {
        "@ovencord/rest": "^2.6.0",
        "@ovencord/util": "^1.1.8",
        "@ovencord/ws": "^2.0.7",
        "discord-api-types": "^0.38.40",
      },
    },
    "packages/discord.js": {
      "name": "@ovencord/discord.js",
      "version": "14.16.49",
      "dependencies": {
        "@ovencord/builders": "^1.13.0",
        "@ovencord/collection": "^2.1.4",
        "@ovencord/formatters": "^0.6.4",
        "@ovencord/rest": "^2.6.0",
        "@ovencord/util": "^1.1.9",
        "@ovencord/ws": "^2.0.7",
        "discord-api-types": "^0.38.40",
      },
    },
    "packages/formatters": {
      "name": "@ovencord/formatters",
      "version": "0.6.4",
      "dependencies": {
        "discord-api-types": "^0.38.40",
      },
    },
    "packages/next": {
      "name": "@ovencord/next",
      "version": "0.1.3",
      "dependencies": {
        "@ovencord/builders": "^1.12.9",
        "@ovencord/collection": "^2.1.4",
        "@ovencord/core": "^2.1.5",
        "@ovencord/formatters": "^0.6.4",
        "@ovencord/rest": "^2.6.0",
        "@ovencord/util": "^1.1.8",
        "@ovencord/ws": "^2.0.7",
        "discord-api-types": "^0.38.40",
      },
    },
    "packages/rest": {
      "name": "@ovencord/rest",
      "version": "2.6.0",
      "dependencies": {
        "@ovencord/collection": "^2.1.4",
        "@ovencord/util": "^1.1.8",
        "discord-api-types": "^0.38.40",
      },
    },
    "packages/structures": {
      "name": "@ovencord/structures",
      "version": "0.1.4",
      "dependencies": {
        "@ovencord/formatters": "^0.6.4",
        "@ovencord/util": "^1.1.8",
        "discord-api-types": "^0.38.40",
      },
      "devDependencies": {
        "cpy-cli": "^6.0.0",
      },
    },
    "packages/ui": {
      "name": "@ovencord/ui",
      "version": "0.1.3",
      "dependencies": {
        "hono": "latest",
      },
    },
    "packages/util": {
      "name": "@ovencord/util",
      "version": "1.1.9",
      "dependencies": {
        "discord-api-types": "^0.38.40",
      },
    },
    "packages/voice": {
      "name": "@ovencord/voice",
      "version": "0.19.7",
      "dependencies": {
        "@noble/ciphers": "^2.1.1",
        "@snazzah/davey": "^0.1.9",
        "discord-api-types": "^0.38.40",
        "prism-media": "^1.3.5",
      },
    },
    "packages/ws": {
      "name": "@ovencord/ws",
      "version": "2.0.7",
      "dependencies": {
        "@ovencord/collection": "^2.1.4",
        "@ovencord/util": "^1.1.8",
        "discord-api-types": "^0.38.40",
      },
    },
  },
  "packages": {
    "@biomejs/biome": ["@biomejs/biome@2.4.4", "", { "optionalDependencies": { "@biomejs/cli-darwin-arm64": "2.4.4", "@biomejs/cli-darwin-x64": "2.4.4", "@biomejs/cli-linux-arm64": "2.4.4", "@biomejs/cli-linux-arm64-musl": "2.4.4", "@biomejs/cli-linux-x64": "2.4.4", "@biomejs/cli-linux-x64-musl": "2.4.4", "@biomejs/cli-win32-arm64": "2.4.4", "@biomejs/cli-win32-x64": "2.4.4" }, "bin": { "biome": "bin/biome" } }, "sha512-tigwWS5KfJf0cABVd52NVaXyAVv4qpUXOWJ1rxFL8xF1RVoeS2q/LK+FHgYoKMclJCuRoCWAPy1IXaN9/mS61Q=="],

    "@biomejs/cli-darwin-arm64": ["@biomejs/cli-darwin-arm64@2.4.4", "", { "os": "darwin", "cpu": "arm64" }, "sha512-jZ+Xc6qvD6tTH5jM6eKX44dcbyNqJHssfl2nnwT6vma6B1sj7ZLTGIk6N5QwVBs5xGN52r3trk5fgd3sQ9We9A=="],

    "@biomejs/cli-darwin-x64": ["@biomejs/cli-darwin-x64@2.4.4", "", { "os": "darwin", "cpu": "x64" }, "sha512-Dh1a/+W+SUCXhEdL7TiX3ArPTFCQKJTI1mGncZNWfO+6suk+gYA4lNyJcBB+pwvF49uw0pEbUS49BgYOY4hzUg=="],

    "@biomejs/cli-linux-arm64": ["@biomejs/cli-linux-arm64@2.4.4", "", { "os": "linux", "cpu": "arm64" }, "sha512-V/NFfbWhsUU6w+m5WYbBenlEAz8eYnSqRMDMAW3K+3v0tYVkNyZn8VU0XPxk/lOqNXLSCCrV7FmV/u3SjCBShg=="],

    "@biomejs/cli-linux-arm64-musl": ["@biomejs/cli-linux-arm64-musl@2.4.4", "", { "os": "linux", "cpu": "arm64" }, "sha512-+sPAXq3bxmFwhVFJnSwkSF5Rw2ZAJMH3MF6C9IveAEOdSpgajPhoQhbbAK12SehN9j2QrHpk4J/cHsa/HqWaYQ=="],

    "@biomejs/cli-linux-x64": ["@biomejs/cli-linux-x64@2.4.4", "", { "os": "linux", "cpu": "x64" }, "sha512-R4+ZCDtG9kHArasyBO+UBD6jr/FcFCTH8QkNTOCu0pRJzCWyWC4EtZa2AmUZB5h3e0jD7bRV2KvrENcf8rndBg=="],

    "@biomejs/cli-linux-x64-musl": ["@biomejs/cli-linux-x64-musl@2.4.4", "", { "os": "linux", "cpu": "x64" }, "sha512-gGvFTGpOIQDb5CQ2VC0n9Z2UEqlP46c4aNgHmAMytYieTGEcfqhfCFnhs6xjt0S3igE6q5GLuIXtdQt3Izok+g=="],

    "@biomejs/cli-win32-arm64": ["@biomejs/cli-win32-arm64@2.4.4", "", { "os": "win32", "cpu": "arm64" }, "sha512-trzCqM7x+Gn832zZHgr28JoYagQNX4CZkUZhMUac2YxvvyDRLJDrb5m9IA7CaZLlX6lTQmADVfLEKP1et1Ma4Q=="],

    "@biomejs/cli-win32-x64": ["@biomejs/cli-win32-x64@2.4.4", "", { "os": "win32", "cpu": "x64" }, "sha512-gnOHKVPFAAPrpoPt2t+Q6FZ7RPry/FDV3GcpU53P3PtLNnQjBmKyN2Vh/JtqXet+H4pme8CC76rScwdjDcT1/A=="],

    "@emnapi/core": ["@emnapi/core@1.8.1", "", { "dependencies": { "@emnapi/wasi-threads": "1.1.0", "tslib": "^2.4.0" } }, "sha512-AvT9QFpxK0Zd8J0jopedNm+w/2fIzvtPKPjqyw9jwvBaReTTqPBk9Hixaz7KbjimP+QNz605/XnjFcDAL2pqBg=="],

    "@emnapi/runtime": ["@emnapi/runtime@1.8.1", "", { "dependencies": { "tslib": "^2.4.0" } }, "sha512-mehfKSMWjjNol8659Z8KxEMrdSJDDot5SXMq00dM8BN4o+CLNXQ0xH2V7EchNHV4RmbZLmmPdEaXZc5H2FXmDg=="],

    "@emnapi/wasi-threads": ["@emnapi/wasi-threads@1.1.0", "", { "dependencies": { "tslib": "^2.4.0" } }, "sha512-WI0DdZ8xFSbgMjR1sFsKABJ/C5OnRrjT06JXbZKexJGrDuPTzZdDYfFlsgcCXCyf+suG5QU2e/y1Wo2V/OapLQ=="],

    "@ioredis/commands": ["@ioredis/commands@1.5.0", "", {}, "sha512-eUgLqrMf8nJkZxT24JvVRrQya1vZkQh8BBeYNwGDqa5I0VUi8ACx7uFvAaLxintokpTenkK6DASvo/bvNbBGow=="],

    "@msgpack/msgpack": ["@msgpack/msgpack@3.1.3", "", {}, "sha512-47XIizs9XZXvuJgoaJUIE2lFoID8ugvc0jzSHP+Ptfk8nTbnR8g788wv48N03Kx0UkAv559HWRQ3yzOgzlRNUA=="],

    "@napi-rs/wasm-runtime": ["@napi-rs/wasm-runtime@1.1.1", "", { "dependencies": { "@emnapi/core": "^1.7.1", "@emnapi/runtime": "^1.7.1", "@tybys/wasm-util": "^0.10.1" } }, "sha512-p64ah1M1ld8xjWv3qbvFwHiFVWrq1yFvV4f7w+mzaqiR4IlSgkqhcRdHwsGgomwzBH51sRY4NEowLxnaBjcW/A=="],

    "@noble/ciphers": ["@noble/ciphers@2.1.1", "", {}, "sha512-bysYuiVfhxNJuldNXlFEitTVdNnYUc+XNJZd7Qm2a5j1vZHgY+fazadNFWFaMK/2vye0JVlxV3gHmC0WDfAOQw=="],

    "@nodelib/fs.scandir": ["@nodelib/fs.scandir@2.1.5", "", { "dependencies": { "@nodelib/fs.stat": "2.0.5", "run-parallel": "^1.1.9" } }, "sha512-vq24Bq3ym5HEQm2NKCr3yXDwjc7vTsEThRDnkp2DK9p1uqLR+DHurm/NOTo0KG7HYHU7eppKZj3MyqYuMBf62g=="],

    "@nodelib/fs.stat": ["@nodelib/fs.stat@2.0.5", "", {}, "sha512-RkhPPp2zrqDAQA/2jNhnztcPAlv64XdhIp7a7454A5ovI7Bukxgt7MX7udwAu3zg1DcpPU0rz3VV1SeaqvY4+A=="],

    "@nodelib/fs.walk": ["@nodelib/fs.walk@1.2.8", "", { "dependencies": { "@nodelib/fs.scandir": "2.1.5", "fastq": "^1.6.0" } }, "sha512-oGB+UxlgWcgQkgwo8GcEGwemoTFt3FIO9ababBmaGwXIoBKZ+GTy0pP185beGg7Llih/NSHSV2XAs1lnznocSg=="],

    "@ovencord/brokers": ["@ovencord/brokers@workspace:packages/brokers"],

    "@ovencord/builders": ["@ovencord/builders@workspace:packages/builders"],

    "@ovencord/collection": ["@ovencord/collection@workspace:packages/collection"],

    "@ovencord/core": ["@ovencord/core@workspace:packages/core"],

    "@ovencord/discord.js": ["@ovencord/discord.js@workspace:packages/discord.js"],

    "@ovencord/formatters": ["@ovencord/formatters@workspace:packages/formatters"],

    "@ovencord/next": ["@ovencord/next@workspace:packages/next"],

    "@ovencord/rest": ["@ovencord/rest@workspace:packages/rest"],

    "@ovencord/structures": ["@ovencord/structures@workspace:packages/structures"],

    "@ovencord/ui": ["@ovencord/ui@workspace:packages/ui"],

    "@ovencord/util": ["@ovencord/util@workspace:packages/util"],

    "@ovencord/voice": ["@ovencord/voice@workspace:packages/voice"],

    "@ovencord/ws": ["@ovencord/ws@workspace:packages/ws"],

    "@sindresorhus/merge-streams": ["@sindresorhus/merge-streams@4.0.0", "", {}, "sha512-tlqY9xq5ukxTUZBmoOp+m61cqwQD5pHJtFY3Mn8CA8ps6yghLH/Hw8UPdqg4OLmFW3IFlcXnQNmo/dh8HzXYIQ=="],

    "@snazzah/davey": ["@snazzah/davey@0.1.9", "", { "optionalDependencies": { "@snazzah/davey-android-arm-eabi": "0.1.9", "@snazzah/davey-android-arm64": "0.1.9", "@snazzah/davey-darwin-arm64": "0.1.9", "@snazzah/davey-darwin-x64": "0.1.9", "@snazzah/davey-freebsd-x64": "0.1.9", "@snazzah/davey-linux-arm-gnueabihf": "0.1.9", "@snazzah/davey-linux-arm64-gnu": "0.1.9", "@snazzah/davey-linux-arm64-musl": "0.1.9", "@snazzah/davey-linux-x64-gnu": "0.1.9", "@snazzah/davey-linux-x64-musl": "0.1.9", "@snazzah/davey-wasm32-wasi": "0.1.9", "@snazzah/davey-win32-arm64-msvc": "0.1.9", "@snazzah/davey-win32-ia32-msvc": "0.1.9", "@snazzah/davey-win32-x64-msvc": "0.1.9" } }, "sha512-vNZk5y+IsxjwzTAXikvzz5pqMLb35YytC64nVF2MAFVhjpXu9ITOKUriZ0JG/llwzCAi56jb5x0cXDRIyE2A2A=="],

    "@snazzah/davey-android-arm-eabi": ["@snazzah/davey-android-arm-eabi@0.1.9", "", { "os": "android", "cpu": "arm" }, "sha512-Dq0WyeVGBw+uQbisV/6PeCQV2ndJozfhZqiNIfQxu6ehIdXB7iHILv+oY+AQN2n+qxiFmLh/MOX9RF+pIWdPbA=="],

    "@snazzah/davey-android-arm64": ["@snazzah/davey-android-arm64@0.1.9", "", { "os": "android", "cpu": "arm64" }, "sha512-OE16OZjv7F/JrD7Mzw5eL2gY2vXRPC8S7ZrmkcMyz/sHHJsGHlT+L7X5s56Bec1YDTVmzAsH4UBuvVBoXuIWEQ=="],

    "@snazzah/davey-darwin-arm64": ["@snazzah/davey-darwin-arm64@0.1.9", "", { "os": "darwin", "cpu": "arm64" }, "sha512-z7oORvAPExikFkH6tvHhbUdZd77MYZp9VqbCpKEiI+sisWFVXgHde7F7iH3G4Bz6gUYJfgvKhWXiDRc+0SC4dg=="],

    "@snazzah/davey-darwin-x64": ["@snazzah/davey-darwin-x64@0.1.9", "", { "os": "darwin", "cpu": "x64" }, "sha512-f1LzGyRGlM414KpXml3OgWVSd7CgylcdYaFj/zDBb8bvWjxyvsI9iMeuPfe/cduloxRj8dELde/yCDZtFR6PdQ=="],

    "@snazzah/davey-freebsd-x64": ["@snazzah/davey-freebsd-x64@0.1.9", "", { "os": "freebsd", "cpu": "x64" }, "sha512-k6p3JY2b8rD6j0V9Ql7kBUMR4eJdcpriNwiHltLzmtGuz/nK5RGQdkEP68gTLc+Uj3xs5Cy0jRKmv2xJQBR4sA=="],

    "@snazzah/davey-linux-arm-gnueabihf": ["@snazzah/davey-linux-arm-gnueabihf@0.1.9", "", { "os": "linux", "cpu": "arm" }, "sha512-xDaAFUC/1+n/YayNwKsqKOBMuW0KI6F0SjgWU+krYTQTVmAKNjOM80IjemrVoqTpBOxBsT80zEtct2wj11CE3Q=="],

    "@snazzah/davey-linux-arm64-gnu": ["@snazzah/davey-linux-arm64-gnu@0.1.9", "", { "os": "linux", "cpu": "arm64" }, "sha512-t1VxFBzWExPNpsNY/9oStdAAuHqFvwZvIO2YPYyVNstxfi2KmAbHMweHUW7xb2ppXuhVQZ4VGmmeXiXcXqhPBw=="],

    "@snazzah/davey-linux-arm64-musl": ["@snazzah/davey-linux-arm64-musl@0.1.9", "", { "os": "linux", "cpu": "arm64" }, "sha512-Xvlr+nBPzuFV4PXHufddlt08JsEyu0p8mX2DpqdPxdpysYIH4I8V86yJiS4tk04a6pLBDd8IxTbBwvXJKqd/LQ=="],

    "@snazzah/davey-linux-x64-gnu": ["@snazzah/davey-linux-x64-gnu@0.1.9", "", { "os": "linux", "cpu": "x64" }, "sha512-6Uunc/NxiEkg1reroAKZAGfOtjl1CGa7hfTTVClb2f+DiA8ZRQWBh+3lgkq/0IeL262B4F14X8QRv5Bsv128qw=="],

    "@snazzah/davey-linux-x64-musl": ["@snazzah/davey-linux-x64-musl@0.1.9", "", { "os": "linux", "cpu": "x64" }, "sha512-fFQ/n3aWt1lXhxSdy+Ge3gi5bR3VETMVsWhH0gwBALUKrbo3ZzgSktm4lNrXE9i0ncMz/CDpZ5i0wt/N3XphEQ=="],

    "@snazzah/davey-wasm32-wasi": ["@snazzah/davey-wasm32-wasi@0.1.9", "", { "dependencies": { "@napi-rs/wasm-runtime": "^1.1.0" }, "cpu": "none" }, "sha512-xWvzej8YCVlUvzlpmqJMIf0XmLlHqulKZ2e7WNe2TxQmsK+o0zTZqiQYs2MwaEbrNXBhYlHDkdpuwoXkJdscNQ=="],

    "@snazzah/davey-win32-arm64-msvc": ["@snazzah/davey-win32-arm64-msvc@0.1.9", "", { "os": "win32", "cpu": "arm64" }, "sha512-sTqry/DfltX2OdW1CTLKa3dFYN5FloAEb2yhGsY1i5+Bms6OhwByXfALvyMHYVo61Th2+sD+9BJpQffHFKDA3w=="],

    "@snazzah/davey-win32-ia32-msvc": ["@snazzah/davey-win32-ia32-msvc@0.1.9", "", { "os": "win32", "cpu": "ia32" }, "sha512-twD3LwlkGnSwphsCtpGb5ztpBIWEvGdc0iujoVkdzZ6nJiq5p8iaLjJMO4hBm9h3s28fc+1Qd7AMVnagiOasnA=="],

    "@snazzah/davey-win32-x64-msvc": ["@snazzah/davey-win32-x64-msvc@0.1.9", "", { "os": "win32", "cpu": "x64" }, "sha512-eMnXbv4GoTngWYY538i/qHz2BS+RgSXFsvKltPzKqnqzPzhQZIY7TemEJn3D5yWGfW4qHve9u23rz93FQqnQMA=="],

    "@tybys/wasm-util": ["@tybys/wasm-util@0.10.1", "", { "dependencies": { "tslib": "^2.4.0" } }, "sha512-9tTaPJLSiejZKx+Bmog4uSubteqTvFrVrURwkmHixBo0G4seD0zUxp98E1DzUBJxLQ3NPwXrGKDiVjwx/DpPsg=="],

    "@types/bun": ["@types/bun@1.3.9", "", { "dependencies": { "bun-types": "1.3.9" } }, "sha512-KQ571yULOdWJiMH+RIWIOZ7B2RXQGpL1YQrBtLIV3FqDcCu6FsbFUBwhdKUlCKUpS3PJDsHlJ1QKlpxoVR+xtw=="],

    "@types/node": ["@types/node@25.3.0", "", { "dependencies": { "undici-types": "~7.18.0" } }, "sha512-4K3bqJpXpqfg2XKGK9bpDTc6xO/xoUP/RBWS7AtRMug6zZFaRekiLzjVtAoZMquxoAbzBvy5nxQ7veS5eYzf8A=="],

    "braces": ["braces@3.0.3", "", { "dependencies": { "fill-range": "^7.1.1" } }, "sha512-yQbXgO/OSZVD2IsiLlro+7Hf6Q18EJrKSEsdoMzKePKXct3gvD8oLcOQdIzGupr5Fj+EDe8gO/lxc1BzfMpxvA=="],

    "bun-types": ["bun-types@1.3.9", "", { "dependencies": { "@types/node": "*" } }, "sha512-+UBWWOakIP4Tswh0Bt0QD0alpTY8cb5hvgiYeWCMet9YukHbzuruIEeXC2D7nMJPB12kbh8C7XJykSexEqGKJg=="],

    "cluster-key-slot": ["cluster-key-slot@1.1.2", "", {}, "sha512-RMr0FhtfXemyinomL4hrWcYJxmX6deFdCxpJzhDttxgO1+bcCnkk+9drydLVDmAMG7NE6aN/fl4F7ucU/90gAA=="],

    "copy-file": ["copy-file@11.1.0", "", { "dependencies": { "graceful-fs": "^4.2.11", "p-event": "^6.0.0" } }, "sha512-X8XDzyvYaA6msMyAM575CUoygY5b44QzLcGRKsK3MFmXcOvQa518dNPLsKYwkYsn72g3EiW+LE0ytd/FlqWmyw=="],

    "cpy": ["cpy@12.1.0", "", { "dependencies": { "copy-file": "^11.1.0", "globby": "^15.0.0", "junk": "^4.0.1", "micromatch": "^4.0.8", "p-filter": "^4.1.0", "p-map": "^7.0.3" } }, "sha512-3z9tP1rPBLG7pQYn9iRgl7JOSew0SMPuWmakaRfzhXpmFBHmRbp7JekpuqPkXbbWOdSeKSbInYEcdIZjov2fNQ=="],

    "cpy-cli": ["cpy-cli@6.0.0", "", { "dependencies": { "cpy": "^12.0.0", "meow": "^13.2.0" }, "bin": { "cpy": "cli.js" } }, "sha512-q7GUqTDnRymCbScJ4Ph1IUM86wWdKG8JbgrvKLgvvehH4wrbRcVN+jRwOTlxJdwm7ykdXMKSp6IESksFeHa0eA=="],

    "debug": ["debug@4.4.3", "", { "dependencies": { "ms": "^2.1.3" } }, "sha512-RGwwWnwQvkVfavKVt22FGLw+xYSdzARwm0ru6DhTVA3umU5hZc28V3kO4stgYryrTlLpuvgI9GiijltAjNbcqA=="],

    "denque": ["denque@2.1.0", "", {}, "sha512-HVQE3AAb/pxF8fQAoiqpvg9i3evqug3hoiwakOyZAwJm+6vZehbkYXZ0l4JxS+I3QxM97v5aaRNhj8v5oBhekw=="],

    "discord-api-types": ["discord-api-types@0.38.40", "", {}, "sha512-P/His8cotqZgQqrt+hzrocp9L8RhQQz1GkrCnC9TMJ8Uw2q0tg8YyqJyGULxhXn/8kxHETN4IppmOv+P2m82lQ=="],

    "fast-glob": ["fast-glob@3.3.3", "", { "dependencies": { "@nodelib/fs.stat": "^2.0.2", "@nodelib/fs.walk": "^1.2.3", "glob-parent": "^5.1.2", "merge2": "^1.3.0", "micromatch": "^4.0.8" } }, "sha512-7MptL8U0cqcFdzIzwOTHoilX9x5BrNqye7Z/LuC7kCMRio1EMSyqRK3BEAUD7sXRq4iT4AzTVuZdhgQ2TCvYLg=="],

    "fastq": ["fastq@1.20.1", "", { "dependencies": { "reusify": "^1.0.4" } }, "sha512-GGToxJ/w1x32s/D2EKND7kTil4n8OVk/9mycTc4VDza13lOvpUZTGX3mFSCtV9ksdGBVzvsyAVLM6mHFThxXxw=="],

    "fill-range": ["fill-range@7.1.1", "", { "dependencies": { "to-regex-range": "^5.0.1" } }, "sha512-YsGpe3WHLK8ZYi4tWDg2Jy3ebRz2rXowDxnld4bkQB00cc/1Zw9AWnC0i9ztDJitivtQvaI9KaLyKrc+hBW0yg=="],

    "glob-parent": ["glob-parent@5.1.2", "", { "dependencies": { "is-glob": "^4.0.1" } }, "sha512-AOIgSQCepiJYwP3ARnGx+5VnTu2HBYdzbGP45eLw1vr3zB3vZLeyed1sC9hnbcOc9/SrMyM5RPQrkGz4aS9Zow=="],

    "globby": ["globby@15.0.0", "", { "dependencies": { "@sindresorhus/merge-streams": "^4.0.0", "fast-glob": "^3.3.3", "ignore": "^7.0.5", "path-type": "^6.0.0", "slash": "^5.1.0", "unicorn-magic": "^0.3.0" } }, "sha512-oB4vkQGqlMl682wL1IlWd02tXCbquGWM4voPEI85QmNKCaw8zGTm1f1rubFgkg3Eli2PtKlFgrnmUqasbQWlkw=="],

    "graceful-fs": ["graceful-fs@4.2.11", "", {}, "sha512-RbJ5/jmFcNNCcDV5o9eTnBLJ/HszWV0P73bc+Ff4nS/rJj+YaS6IGyiOL0VoBYX+l1Wrl3k63h/KrH+nhJ0XvQ=="],

    "hono": ["hono@4.12.2", "", {}, "sha512-gJnaDHXKDayjt8ue0n8Gs0A007yKXj4Xzb8+cNjZeYsSzzwKc0Lr+OZgYwVfB0pHfUs17EPoLvrOsEaJ9mj+Tg=="],

    "ignore": ["ignore@7.0.5", "", {}, "sha512-Hs59xBNfUIunMFgWAbGX5cq6893IbWg4KnrjbYwX3tx0ztorVgTDA6B2sxf8ejHJ4wz8BqGUMYlnzNBer5NvGg=="],

    "ioredis": ["ioredis@5.9.3", "", { "dependencies": { "@ioredis/commands": "1.5.0", "cluster-key-slot": "^1.1.0", "debug": "^4.3.4", "denque": "^2.1.0", "lodash.defaults": "^4.2.0", "lodash.isarguments": "^3.1.0", "redis-errors": "^1.2.0", "redis-parser": "^3.0.0", "standard-as-callback": "^2.1.0" } }, "sha512-VI5tMCdeoxZWU5vjHWsiE/Su76JGhBvWF1MJnV9ZtGltHk9BmD48oDq8Tj8haZ85aceXZMxLNDQZRVo5QKNgXA=="],

    "is-extglob": ["is-extglob@2.1.1", "", {}, "sha512-SbKbANkN603Vi4jEZv49LeVJMn4yGwsbzZworEoyEiutsN3nJYdbO36zfhGJ6QEDpOZIFkDtnq5JRxmvl3jsoQ=="],

    "is-glob": ["is-glob@4.0.3", "", { "dependencies": { "is-extglob": "^2.1.1" } }, "sha512-xelSayHH36ZgE7ZWhli7pW34hNbNl8Ojv5KVmkJD4hBdD3th8Tfk9vYasLM+mXWOZhFkgZfxhLSnrwRr4elSSg=="],

    "is-number": ["is-number@7.0.0", "", {}, "sha512-41Cifkg6e8TylSpdtTpeLVMqvSBEVzTttHvERD741+pnZ8ANv0004MRL43QKPDlK9cGvNp6NZWZUBlbGXYxxng=="],

    "junk": ["junk@4.0.1", "", {}, "sha512-Qush0uP+G8ZScpGMZvHUiRfI0YBWuB3gVBYlI0v0vvOJt5FLicco+IkP0a50LqTTQhmts/m6tP5SWE+USyIvcQ=="],

    "lodash.defaults": ["lodash.defaults@4.2.0", "", {}, "sha512-qjxPLHd3r5DnsdGacqOMU6pb/avJzdh9tFX2ymgoZE27BmjXrNy/y4LoaiTeAb+O3gL8AfpJGtqfX/ae2leYYQ=="],

    "lodash.isarguments": ["lodash.isarguments@3.1.0", "", {}, "sha512-chi4NHZlZqZD18a0imDHnZPrDeBbTtVN7GXMwuGdRH9qotxAjYs3aVLKc7zNOG9eddR5Ksd8rvFEBc9SsggPpg=="],

    "meow": ["meow@13.2.0", "", {}, "sha512-pxQJQzB6djGPXh08dacEloMFopsOqGVRKFPYvPOt9XDZ1HasbgDZA74CJGreSU4G3Ak7EFJGoiH2auq+yXISgA=="],

    "merge2": ["merge2@1.4.1", "", {}, "sha512-8q7VEgMJW4J8tcfVPy8g09NcQwZdbwFEqhe/WZkoIzjn/3TGDwtOCYtXGxA3O8tPzpczCCDgv+P2P5y00ZJOOg=="],

    "micromatch": ["micromatch@4.0.8", "", { "dependencies": { "braces": "^3.0.3", "picomatch": "^2.3.1" } }, "sha512-PXwfBhYu0hBCPw8Dn0E+WDYb7af3dSLVWKi3HGv84IdF4TyFoC0ysxFd0Goxw7nSv4T/PzEJQxsYsEiFCKo2BA=="],

    "ms": ["ms@2.1.3", "", {}, "sha512-6FlzubTLZG3J2a/NVCAleEhjzq5oxgHyaCU9yYXvcLsvoVaHJq/s5xXI6/XXP6tz7R9xAOtHnSO/tXtF3WRTlA=="],

    "p-event": ["p-event@6.0.1", "", { "dependencies": { "p-timeout": "^6.1.2" } }, "sha512-Q6Bekk5wpzW5qIyUP4gdMEujObYstZl6DMMOSenwBvV0BlE5LkDwkjs5yHbZmdCEq2o4RJx4tE1vwxFVf2FG1w=="],

    "p-filter": ["p-filter@4.1.0", "", { "dependencies": { "p-map": "^7.0.1" } }, "sha512-37/tPdZ3oJwHaS3gNJdenCDB3Tz26i9sjhnguBtvN0vYlRIiDNnvTWkuh+0hETV9rLPdJ3rlL3yVOYPIAnM8rw=="],

    "p-map": ["p-map@7.0.4", "", {}, "sha512-tkAQEw8ysMzmkhgw8k+1U/iPhWNhykKnSk4Rd5zLoPJCuJaGRPo6YposrZgaxHKzDHdDWWZvE/Sk7hsL2X/CpQ=="],

    "p-timeout": ["p-timeout@6.1.4", "", {}, "sha512-MyIV3ZA/PmyBN/ud8vV9XzwTrNtR4jFrObymZYnZqMmW0zA8Z17vnT0rBgFE/TlohB+YCHqXMgZzb3Csp49vqg=="],

    "path-type": ["path-type@6.0.0", "", {}, "sha512-Vj7sf++t5pBD637NSfkxpHSMfWaeig5+DKWLhcqIYx6mWQz5hdJTGDVMQiJcw1ZYkhs7AazKDGpRVji1LJCZUQ=="],

    "picomatch": ["picomatch@2.3.1", "", {}, "sha512-JU3teHTNjmE2VCGFzuY8EXzCDVwEqB2a8fsIvwaStHhAWJEeVd1o1QD80CU6+ZdEXXSLbSsuLwJjkCBWqRQUVA=="],

    "prism-media": ["prism-media@1.3.5", "", { "peerDependencies": { "@discordjs/opus": ">=0.8.0 <1.0.0", "ffmpeg-static": "^5.0.2 || ^4.2.7 || ^3.0.0 || ^2.4.0", "node-opus": "^0.3.3", "opusscript": "^0.0.8" }, "optionalPeers": ["@discordjs/opus", "ffmpeg-static", "node-opus", "opusscript"] }, "sha512-IQdl0Q01m4LrkN1EGIE9lphov5Hy7WWlH6ulf5QdGePLlPas9p2mhgddTEHrlaXYjjFToM1/rWuwF37VF4taaA=="],

    "queue-microtask": ["queue-microtask@1.2.3", "", {}, "sha512-NuaNSa6flKT5JaSYQzJok04JzTL1CA6aGhv5rfLW3PgqA+M2ChpZQnAC8h8i4ZFkBS8X5RqkDBHA7r4hej3K9A=="],

    "redis-errors": ["redis-errors@1.2.0", "", {}, "sha512-1qny3OExCf0UvUV/5wpYKf2YwPcOqXzkwKKSmKHiE6ZMQs5heeE/c8eXK+PNllPvmjgAbfnsbpkGZWy8cBpn9w=="],

    "redis-parser": ["redis-parser@3.0.0", "", { "dependencies": { "redis-errors": "^1.0.0" } }, "sha512-DJnGAeenTdpMEH6uAJRK/uiyEIH9WVsUmoLwzudwGJUwZPp80PDBWPHXSAGNPwNvIXAbe7MSUB1zQFugFml66A=="],

    "reusify": ["reusify@1.1.0", "", {}, "sha512-g6QUff04oZpHs0eG5p83rFLhHeV00ug/Yf9nZM6fLeUrPguBTkTQOdpAWWspMh55TZfVQDPaN3NQJfbVRAxdIw=="],

    "run-parallel": ["run-parallel@1.2.0", "", { "dependencies": { "queue-microtask": "^1.2.2" } }, "sha512-5l4VyZR86LZ/lDxZTR6jqL8AFE2S0IFLMP26AbjsLVADxHdhB/c0GUsH+y39UfCi3dzz8OlQuPmnaJOMoDHQBA=="],

    "slash": ["slash@5.1.0", "", {}, "sha512-ZA6oR3T/pEyuqwMgAKT0/hAv8oAXckzbkmR0UkUosQ+Mc4RxGoJkRmwHgHufaenlyAgE1Mxgpdcrf75y6XcnDg=="],

    "standard-as-callback": ["standard-as-callback@2.1.0", "", {}, "sha512-qoRRSyROncaz1z0mvYqIE4lCd9p2R90i6GxW3uZv5ucSu8tU7B5HXUP1gG8pVZsYNVaXjk8ClXHPttLyxAL48A=="],

    "to-regex-range": ["to-regex-range@5.0.1", "", { "dependencies": { "is-number": "^7.0.0" } }, "sha512-65P7iz6X5yEr1cwcgvQxbbIw7Uk3gOy5dIdtZ4rDveLqhrdJP+Li/Hx6tyK0NEb+2GCyneCMJiGqrADCSNk8sQ=="],

    "ts-mixer": ["ts-mixer@6.0.4", "", {}, "sha512-ufKpbmrugz5Aou4wcr5Wc1UUFWOLhq+Fm6qa6P0w0K5Qw2yhaUoiWszhCVuNQyNwrlGiscHOmqYoAox1PtvgjA=="],

    "tslib": ["tslib@2.8.1", "", {}, "sha512-oJFu94HQb+KVduSUQL7wnpmqnfmLsOA/nAh6b6EH0wCEoK0/mPeXU6c3wKDV83MkOuHPRHtSXKKU99IBazS/2w=="],

    "typescript": ["typescript@5.9.3", "", { "bin": { "tsc": "bin/tsc", "tsserver": "bin/tsserver" } }, "sha512-jl1vZzPDinLr9eUt3J/t7V6FgNEw9QjvBPdysz9KfQDD41fQrC2Y4vKQdiaUpFT4bXlb1RHhLpp8wtm6M5TgSw=="],

    "undici-types": ["undici-types@7.18.2", "", {}, "sha512-AsuCzffGHJybSaRrmr5eHr81mwJU3kjw6M+uprWvCXiNeN9SOGwQ3Jn8jb8m3Z6izVgknn1R0FTCEAP2QrLY/w=="],

    "unicorn-magic": ["unicorn-magic@0.3.0", "", {}, "sha512-+QBBXBCvifc56fsbuxZQ6Sic3wqqc3WWaqxs58gvJrcOuN83HGTCwz3oS5phzU9LthRNE9VrJCFCLUgHeeFnfA=="],

    "zod": ["zod@4.3.6", "", {}, "sha512-rftlrkhHZOcjDwkGlnUtZZkvaPHCsDATp4pGpuOOMDaTdDDXF91wuVDJoWoPsKX/3YPQ5fHuF3STjcYyKr+Qhg=="],
  }
}
